
Microsoft Visual Studio Solution File, Format Version 12.00
# Visual Studio 15
VisualStudioVersion = 15.0.28010.2036
MinimumVisualStudioVersion = 10.0.40219.1
Project("{8BC9CEB8-8B4A-11D0-8D11-00A0C91BC942}") = "ProducerConsumer", "ProducerConsumer.vcxproj", "{B977D270-3374-42CC-A8CD-85F0A642E47C}"
EndProject
Global
	GlobalSection(SolutionConfigurationPlatforms) = preSolution
		Debug|x64 = Debug|x64
		Debug|x86 = Debug|x86
		Release|x64 = Release|x64
		Release|x86 = Release|x86
	EndGlobalSection
	GlobalSection(ProjectConfigurationPlatforms) = postSolution
		{B977D270-3374-42CC-A8CD-85F0A642E47C}.Debug|x64.ActiveCfg = Debug|x64
		{B977D270-3374-42CC-A8CD-85F0A642E47C}.Debug|x64.Build.0 = Debug|x64
		{B977D270-3374-42CC-A8CD-85F0A642E47C}.Debug|x86.ActiveCfg = Debug|Win32
		{B977D270-3374-42CC-A8CD-85F0A642E47C}.Debug|x86.Build.0 = Debug|Win32
		{B977D270-3374-42CC-A8CD-85F0A642E47C}.Release|x64.ActiveCfg = Release|x64
		{B977D270-3374-42CC-A8CD-85F0A642E47C}.Release|x64.Build.0 = Release|x64
		{B977D270-3374-42CC-A8CD-85F0A642E47C}.Release|x86.ActiveCfg = Release|Win32
		{B977D270-3374-42CC-A8CD-85F0A642E47C}.Release|x86.Build.0 = Release|Win32
	EndGlobalSection
	GlobalSection(SolutionProperties) = preSolution
		HideSolutionNode = FALSE
	EndGlobalSection
	GlobalSection(ExtensibilityGlobals) = postSolution
		SolutionGuid = {B2DC0711-1382-4589-BDA2-196B4E8776CB}
	EndGlobalSection
EndGlobal
